// !$*UTF8*$!
{
	archiveVersion = 1;
	classes = {
	};
	objectVersion = 50;
	objects = {

/* Begin PBXBuildFile section */
		0B89220E22B9746F008650B0 /* AppDelegate.swift in Sources */ = {isa = PBXBuildFile; fileRef = 0B89220D22B9746F008650B0 /* AppDelegate.swift */; };
		0B89221022B9746F008650B0 /* ViewController.swift in Sources */ = {isa = PBXBuildFile; fileRef = 0B89220F22B9746F008650B0 /* ViewController.swift */; };
		0B89221322B9746F008650B0 /* Main.storyboard in Resources */ = {isa = PBXBuildFile; fileRef = 0B89221122B9746F008650B0 /* Main.storyboard */; };
		0B89221522B97470008650B0 /* Assets.xcassets in Resources */ = {isa = PBXBuildFile; fileRef = 0B89221422B97470008650B0 /* Assets.xcassets */; };
		0B89221822B97470008650B0 /* LaunchScreen.storyboard in Resources */ = {isa = PBXBuildFile; fileRef = 0B89221622B97470008650B0 /* LaunchScreen.storyboard */; };
		0B89222322B97470008650B0 /* emojipuzzleTests.swift in Sources */ = {isa = PBXBuildFile; fileRef = 0B89222222B97470008650B0 /* emojipuzzleTests.swift */; };
		0B89222E22B97470008650B0 /* emojipuzzleUITests.swift in Sources */ = {isa = PBXBuildFile; fileRef = 0B89222D22B97470008650B0 /* emojipuzzleUITests.swift */; };
		0B89223C22B990C6008650B0 /* main.framework in Frameworks */ = {isa = PBXBuildFile; fileRef = 0B89223B22B990C5008650B0 /* main.framework */; };
		0B89223D22B990C6008650B0 /* main.framework in Embed Frameworks */ = {isa = PBXBuildFile; fileRef = 0B89223B22B990C5008650B0 /* main.framework */; settings = {ATTRIBUTES = (CodeSignOnCopy, RemoveHeadersOnCopy, ); }; };
/* End PBXBuildFile section */

/* Begin PBXContainerItemProxy section */
		0B89221F22B97470008650B0 /* PBXContainerItemProxy */ = {
			isa = PBXContainerItemProxy;
			containerPortal = 0B89220222B9746F008650B0 /* Project object */;
			proxyType = 1;
			remoteGlobalIDString = 0B89220922B9746F008650B0;
			remoteInfo = emojipuzzle;
		};
		0B89222A22B97470008650B0 /* PBXContainerItemProxy */ = {
			isa = PBXContainerItemProxy;
			containerPortal = 0B89220222B9746F008650B0 /* Project object */;
			proxyType = 1;
			remoteGlobalIDString = 0B89220922B9746F008650B0;
			remoteInfo = emojipuzzle;
		};
/* End PBXContainerItemProxy section */

/* Begin PBXCopyFilesBuildPhase section */
		0B89223E22B990C6008650B0 /* Embed Frameworks */ = {
			isa = PBXCopyFilesBuildPhase;
			buildActionMask = 2147483647;
			dstPath = "";
			dstSubfolderSpec = 10;
			files = (
				0B89223D22B990C6008650B0 /* main.framework in Embed Frameworks */,
			);
			name = "Embed Frameworks";
			runOnlyForDeploymentPostprocessing = 0;
		};
/* End PBXCopyFilesBuildPhase section */

/* Begin PBXFileReference section */
		0B89220A22B9746F008650B0 /* emojipuzzle.app */ = {isa = PBXFileReference; explicitFileType = wrapper.application; includeInIndex = 0; path = emojipuzzle.app; sourceTree = BUILT_PRODUCTS_DIR; };
		0B89220D22B9746F008650B0 /* AppDelegate.swift */ = {isa = PBXFileReference; lastKnownFileType = sourcecode.swift; path = AppDelegate.swift; sourceTree = "<group>"; };
		0B89220F22B9746F008650B0 /* ViewController.swift */ = {isa = PBXFileReference; lastKnownFileType = sourcecode.swift; path = ViewController.swift; sourceTree = "<group>"; };
		0B89221222B9746F008650B0 /* Base */ = {isa = PBXFileReference; lastKnownFileType = file.storyboard; name = Base; path = Base.lproj/Main.storyboard; sourceTree = "<group>"; };
		0B89221422B97470008650B0 /* Assets.xcassets */ = {isa = PBXFileReference; lastKnownFileType = folder.assetcatalog; path = Assets.xcassets; sourceTree = "<group>"; };
		0B89221722B97470008650B0 /* Base */ = {isa = PBXFileReference; lastKnownFileType = file.storyboard; name = Base; path = Base.lproj/LaunchScreen.storyboard; sourceTree = "<group>"; };
		0B89221922B97470008650B0 /* Info.plist */ = {isa = PBXFileReference; lastKnownFileType = text.plist.xml; path = Info.plist; sourceTree = "<group>"; };
		0B89221E22B97470008650B0 /* emojipuzzleTests.xctest */ = {isa = PBXFileReference; explicitFileType = wrapper.cfbundle; includeInIndex = 0; path = emojipuzzleTests.xctest; sourceTree = BUILT_PRODUCTS_DIR; };
		0B89222222B97470008650B0 /* emojipuzzleTests.swift */ = {isa = PBXFileReference; lastKnownFileType = sourcecode.swift; path = emojipuzzleTests.swift; sourceTree = "<group>"; };
		0B89222422B97470008650B0 /* Info.plist */ = {isa = PBXFileReference; lastKnownFileType = text.plist.xml; path = Info.plist; sourceTree = "<group>"; };
		0B89222922B97470008650B0 /* emojipuzzleUITests.xctest */ = {isa = PBXFileReference; explicitFileType = wrapper.cfbundle; includeInIndex = 0; path = emojipuzzleUITests.xctest; sourceTree = BUILT_PRODUCTS_DIR; };
		0B89222D22B97470008650B0 /* emojipuzzleUITests.swift */ = {isa = PBXFileReference; lastKnownFileType = sourcecode.swift; path = emojipuzzleUITests.swift; sourceTree = "<group>"; };
		0B89222F22B97470008650B0 /* Info.plist */ = {isa = PBXFileReference; lastKnownFileType = text.plist.xml; path = Info.plist; sourceTree = "<group>"; };
		0B89223B22B990C5008650B0 /* main.framework */ = {isa = PBXFileReference; lastKnownFileType = wrapper.framework; name = main.framework; path = "../../mpp-lib/build/xcode-frameworks/main.framework"; sourceTree = "<group>"; };
/* End PBXFileReference section */

/* Begin PBXFrameworksBuildPhase section */
		0B89220722B9746F008650B0 /* Frameworks */ = {
			isa = PBXFrameworksBuildPhase;
			buildActionMask = 2147483647;
			files = (
				0B89223C22B990C6008650B0 /* main.framework in Frameworks */,
			);
			runOnlyForDeploymentPostprocessing = 0;
		};
		0B89221B22B97470008650B0 /* Frameworks */ = {
			isa = PBXFrameworksBuildPhase;
			buildActionMask = 2147483647;
			files = (
			);
			runOnlyForDeploymentPostprocessing = 0;
		};
		0B89222622B97470008650B0 /* Frameworks */ = {
			isa = PBXFrameworksBuildPhase;
			buildActionMask = 2147483647;
			files = (
			);
			runOnlyForDeploymentPostprocessing = 0;
		};
/* End PBXFrameworksBuildPhase section */

/* Begin PBXGroup section */
		0B89220122B9746F008650B0 = {
			isa = PBXGroup;
			children = (
				0B89223B22B990C5008650B0 /* main.framework */,
				0B89220C22B9746F008650B0 /* emojipuzzle */,
				0B89222122B97470008650B0 /* emojipuzzleTests */,
				0B89222C22B97470008650B0 /* emojipuzzleUITests */,
				0B89220B22B9746F008650B0 /* Products */,
			);
			sourceTree = "<group>";
		};
		0B89220B22B9746F008650B0 /* Products */ = {
			isa = PBXGroup;
			children = (
				0B89220A22B9746F008650B0 /* emojipuzzle.app */,
				0B89221E22B97470008650B0 /* emojipuzzleTests.xctest */,
				0B89222922B97470008650B0 /* emojipuzzleUITests.xctest */,
			);
			name = Products;
			sourceTree = "<group>";
		};
		0B89220C22B9746F008650B0 /* emojipuzzle */ = {
			isa = PBXGroup;
			children = (
				0B89220D22B9746F008650B0 /* AppDelegate.swift */,
				0B89220F22B9746F008650B0 /* ViewController.swift */,
				0B89221122B9746F008650B0 /* Main.storyboard */,
				0B89221422B97470008650B0 /* Assets.xcassets */,
				0B89221622B97470008650B0 /* LaunchScreen.storyboard */,
				0B89221922B97470008650B0 /* Info.plist */,
			);
			path = emojipuzzle;
			sourceTree = "<group>";
		};
		0B89222122B97470008650B0 /* emojipuzzleTests */ = {
			isa = PBXGroup;
			children = (
				0B89222222B97470008650B0 /* emojipuzzleTests.swift */,
				0B89222422B97470008650B0 /* Info.plist */,
			);
			path = emojipuzzleTests;
			sourceTree = "<group>";
		};
		0B89222C22B97470008650B0 /* emojipuzzleUITests */ = {
			isa = PBXGroup;
			children = (
				0B89222D22B97470008650B0 /* emojipuzzleUITests.swift */,
				0B89222F22B97470008650B0 /* Info.plist */,
			);
			path = emojipuzzleUITests;
			sourceTree = "<group>";
		};
/* End PBXGroup section */

/* Begin PBXNativeTarget section */
		0B89220922B9746F008650B0 /* emojipuzzle */ = {
			isa = PBXNativeTarget;
			buildConfigurationList = 0B89223222B97470008650B0 /* Build configuration list for PBXNativeTarget "emojipuzzle" */;
			buildPhases = (
				0B89223F22B991E9008650B0 /* ShellScript */,
				0B89220622B9746F008650B0 /* Sources */,
				0B89220722B9746F008650B0 /* Frameworks */,
				0B89220822B9746F008650B0 /* Resources */,
				0B89223E22B990C6008650B0 /* Embed Frameworks */,
			);
			buildRules = (
			);
			dependencies = (
			);
			name = emojipuzzle;
			productName = emojipuzzle;
			productReference = 0B89220A22B9746F008650B0 /* emojipuzzle.app */;
			productType = "com.apple.product-type.application";
		};
		0B89221D22B97470008650B0 /* emojipuzzleTests */ = {
			isa = PBXNativeTarget;
			buildConfigurationList = 0B89223522B97470008650B0 /* Build configuration list for PBXNativeTarget "emojipuzzleTests" */;
			buildPhases = (
				0B89221A22B97470008650B0 /* Sources */,
				0B89221B22B97470008650B0 /* Frameworks */,
				0B89221C22B97470008650B0 /* Resources */,
			);
			buildRules = (
			);
			dependencies = (
				0B89222022B97470008650B0 /* PBXTargetDependency */,
			);
			name = emojipuzzleTests;
			productName = emojipuzzleTests;
			productReference = 0B89221E22B97470008650B0 /* emojipuzzleTests.xctest */;
			productType = "com.apple.product-type.bundle.unit-test";
		};
		0B89222822B97470008650B0 /* emojipuzzleUITests */ = {
			isa = PBXNativeTarget;
			buildConfigurationList = 0B89223822B97470008650B0 /* Build configuration list for PBXNativeTarget "emojipuzzleUITests" */;
			buildPhases = (
				0B89222522B97470008650B0 /* Sources */,
				0B89222622B97470008650B0 /* Frameworks */,
				0B89222722B97470008650B0 /* Resources */,
			);
			buildRules = (
			);
			dependencies = (
				0B89222B22B97470008650B0 /* PBXTargetDependency */,
			);
			name = emojipuzzleUITests;
			productName = emojipuzzleUITests;
			productReference = 0B89222922B97470008650B0 /* emojipuzzleUITests.xctest */;
			productType = "com.apple.product-type.bundle.ui-testing";
		};
/* End PBXNativeTarget section */

/* Begin PBXProject section */
		0B89220222B9746F008650B0 /* Project object */ = {
			isa = PBXProject;
			attributes = {
				LastSwiftUpdateCheck = 1020;
				LastUpgradeCheck = 1020;
				ORGANIZATIONNAME = "Luis Palacios";
				TargetAttributes = {
					0B89220922B9746F008650B0 = {
						CreatedOnToolsVersion = 10.2.1;
					};
					0B89221D22B97470008650B0 = {
						CreatedOnToolsVersion = 10.2.1;
						TestTargetID = 0B89220922B9746F008650B0;
					};
					0B89222822B97470008650B0 = {
						CreatedOnToolsVersion = 10.2.1;
						TestTargetID = 0B89220922B9746F008650B0;
					};
				};
			};
			buildConfigurationList = 0B89220522B9746F008650B0 /* Build configuration list for PBXProject "emojipuzzle" */;
			compatibilityVersion = "Xcode 9.3";
			developmentRegion = en;
			hasScannedForEncodings = 0;
			knownRegions = (
				en,
				Base,
			);
			mainGroup = 0B89220122B9746F008650B0;
			productRefGroup = 0B89220B22B9746F008650B0 /* Products */;
			projectDirPath = "";
			projectRoot = "";
			targets = (
				0B89220922B9746F008650B0 /* emojipuzzle */,
				0B89221D22B97470008650B0 /* emojipuzzleTests */,
				0B89222822B97470008650B0 /* emojipuzzleUITests */,
			);
		};
/* End PBXProject section */

/* Begin PBXResourcesBuildPhase section */
		0B89220822B9746F008650B0 /* Resources */ = {
			isa = PBXResourcesBuildPhase;
			buildActionMask = 2147483647;
			files = (
				0B89221822B97470008650B0 /* LaunchScreen.storyboard in Resources */,
				0B89221522B97470008650B0 /* Assets.xcassets in Resources */,
				0B89221322B9746F008650B0 /* Main.storyboard in Resources */,
			);
			runOnlyForDeploymentPostprocessing = 0;
		};
		0B89221C22B97470008650B0 /* Resources */ = {
			isa = PBXResourcesBuildPhase;
			buildActionMask = 2147483647;
			files = (
			);
			runOnlyForDeploymentPostprocessing = 0;
		};
		0B89222722B97470008650B0 /* Resources */ = {
			isa = PBXResourcesBuildPhase;
			buildActionMask = 2147483647;
			files = (
			);
			runOnlyForDeploymentPostprocessing = 0;
		};
/* End PBXResourcesBuildPhase section */

/* Begin PBXShellScriptBuildPhase section */
		0B89223F22B991E9008650B0 /* ShellScript */ = {
			isa = PBXShellScriptBuildPhase;
			buildActionMask = 2147483647;
			files = (
			);
			inputFileListPaths = (
			);
			inputPaths = (
			);
			outputFileListPaths = (
			);
			outputPaths = (
			);
			runOnlyForDeploymentPostprocessing = 0;
			shellPath = /bin/sh;
			shellScript = "cd \"/Users/lpalacios/Documents/git/fun/emoji-xplatform/mpp-lib/build/xcode-frameworks\"\n./gradlew :mpp-lib:packForXCode -PXCODE_CONFIGURATION=${CONFIGURATION}\n";
		};
/* End PBXShellScriptBuildPhase section */

/* Begin PBXSourcesBuildPhase section */
		0B89220622B9746F008650B0 /* Sources */ = {
			isa = PBXSourcesBuildPhase;
			buildActionMask = 2147483647;
			files = (
				0B89221022B9746F008650B0 /* ViewController.swift in Sources */,
				0B89220E22B9746F008650B0 /* AppDelegate.swift in Sources */,
			);
			runOnlyForDeploymentPostprocessing = 0;
		};
		0B89221A22B97470008650B0 /* Sources */ = {
			isa = PBXSourcesBuildPhase;
			buildActionMask = 2147483647;
			files = (
				0B89222322B97470008650B0 /* emojipuzzleTests.swift in Sources */,
			);
			runOnlyForDeploymentPostprocessing = 0;
		};
		0B89222522B97470008650B0 /* Sources */ = {
			isa = PBXSourcesBuildPhase;
			buildActionMask = 2147483647;
			files = (
				0B89222E22B97470008650B0 /* emojipuzzleUITests.swift in Sources */,
			);
			runOnlyForDeploymentPostprocessing = 0;
		};
/* End PBXSourcesBuildPhase section */

/* Begin PBXTargetDependency section */
		0B89222022B97470008650B0 /* PBXTargetDependency */ = {
			isa = PBXTargetDependency;
			target = 0B89220922B9746F008650B0 /* emojipuzzle */;
			targetProxy = 0B89221F22B97470008650B0 /* PBXContainerItemProxy */;
		};
		0B89222B22B97470008650B0 /* PBXTargetDependency */ = {
			isa = PBXTargetDependency;
			target = 0B89220922B9746F008650B0 /* emojipuzzle */;
			targetProxy = 0B89222A22B97470008650B0 /* PBXContainerItemProxy */;
		};
/* End PBXTargetDependency section */

/* Begin PBXVariantGroup section */
		0B89221122B9746F008650B0 /* Main.storyboard */ = {
			isa = PBXVariantGroup;
			children = (
				0B89221222B9746F008650B0 /* Base */,
			);
			name = Main.storyboard;
			sourceTree = "<group>";
		};
		0B89221622B97470008650B0 /* LaunchScreen.storyboard */ = {
			isa = PBXVariantGroup;
			children = (
				0B89221722B97470008650B0 /* Base */,
			);
			name = LaunchScreen.storyboard;
			sourceTree = "<group>";
		};
/* End PBXVariantGroup section */

/* Begin XCBuildConfiguration section */
		0B89223022B97470008650B0 /* Debug */ = {
			isa = XCBuildConfiguration;
			buildSettings = {
				ALWAYS_SEARCH_USER_PATHS = NO;
				CLANG_ANALYZER_NONNULL = YES;
				CLANG_ANALYZER_NUMBER_OBJECT_CONVERSION = YES_AGGRESSIVE;
				CLANG_CXX_LANGUAGE_STANDARD = "gnu++14";
				CLANG_CXX_LIBRARY = "libc++";
				CLANG_ENABLE_MODULES = YES;
				CLANG_ENABLE_OBJC_ARC = YES;
				CLANG_ENABLE_OBJC_WEAK = YES;
				CLANG_WARN_BLOCK_CAPTURE_AUTORELEASING = YES;
				CLANG_WARN_BOOL_CONVERSION = YES;
				CLANG_WARN_COMMA = YES;
				CLANG_WARN_CONSTANT_CONVERSION = YES;
				CLANG_WARN_DEPRECATED_OBJC_IMPLEMENTATIONS = YES;
				CLANG_WARN_DIRECT_OBJC_ISA_USAGE = YES_ERROR;
				CLANG_WARN_DOCUMENTATION_COMMENTS = YES;
				CLANG_WARN_EMPTY_BODY = YES;
				CLANG_WARN_ENUM_CONVERSION = YES;
				CLANG_WARN_INFINITE_RECURSION = YES;
				CLANG_WARN_INT_CONVERSION = YES;
				CLANG_WARN_NON_LITERAL_NULL_CONVERSION = YES;
				CLANG_WARN_OBJC_IMPLICIT_RETAIN_SELF = YES;
				CLANG_WARN_OBJC_LITERAL_CONVERSION = YES;
				CLANG_WARN_OBJC_ROOT_CLASS = YES_ERROR;
				CLANG_WARN_RANGE_LOOP_ANALYSIS = YES;
				CLANG_WARN_STRICT_PROTOTYPES = YES;
				CLANG_WARN_SUSPICIOUS_MOVE = YES;
				CLANG_WARN_UNGUARDED_AVAILABILITY = YES_AGGRESSIVE;
				CLANG_WARN_UNREACHABLE_CODE = YES;
				CLANG_WARN__DUPLICATE_METHOD_MATCH = YES;
				CODE_SIGN_IDENTITY = "iPhone Developer";
				COPY_PHASE_STRIP = NO;
				DEBUG_INFORMATION_FORMAT = dwarf;
				ENABLE_STRICT_OBJC_MSGSEND = YES;
				ENABLE_TESTABILITY = YES;
				GCC_C_LANGUAGE_STANDARD = gnu11;
				GCC_DYNAMIC_NO_PIC = NO;
				GCC_NO_COMMON_BLOCKS = YES;
				GCC_OPTIMIZATION_LEVEL = 0;
				GCC_PREPROCESSOR_DEFINITIONS = (
					"DEBUG=1",
					"$(inherited)",
				);
				GCC_WARN_64_TO_32_BIT_CONVERSION = YES;
				GCC_WARN_ABOUT_RETURN_TYPE = YES_ERROR;
				GCC_WARN_UNDECLARED_SELECTOR = YES;
				GCC_WARN_UNINITIALIZED_AUTOS = YES_AGGRESSIVE;
				GCC_WARN_UNUSED_FUNCTION = YES;
				GCC_WARN_UNUSED_VARIABLE = YES;
				IPHONEOS_DEPLOYMENT_TARGET = 12.2;
				MTL_ENABLE_DEBUG_INFO = INCLUDE_SOURCE;
				MTL_FAST_MATH = YES;
				ONLY_ACTIVE_ARCH = YES;
				SDKROOT = iphoneos;
				SWIFT_ACTIVE_COMPILATION_CONDITIONS = DEBUG;
				SWIFT_OPTIMIZATION_LEVEL = "-Onone";
			};
			name = Debug;
		};
		0B89223122B97470008650B0 /* Release */ = {
			isa = XCBuildConfiguration;
			buildSettings = {
				ALWAYS_SEARCH_USER_PATHS = NO;
				CLANG_ANALYZER_NONNULL = YES;
				CLANG_ANALYZER_NUMBER_OBJECT_CONVERSION = YES_AGGRESSIVE;
				CLANG_CXX_LANGUAGE_STANDARD = "gnu++14";
				CLANG_CXX_LIBRARY = "libc++";
				CLANG_ENABLE_MODULES = YES;
				CLANG_ENABLE_OBJC_ARC = YES;
				CLANG_ENABLE_OBJC_WEAK = YES;
				CLANG_WARN_BLOCK_CAPTURE_AUTORELEASING = YES;
				CLANG_WARN_BOOL_CONVERSION = YES;
				CLANG_WARN_COMMA = YES;
				CLANG_WARN_CONSTANT_CONVERSION = YES;
				CLANG_WARN_DEPRECATED_OBJC_IMPLEMENTATIONS = YES;
				CLANG_WARN_DIRECT_OBJC_ISA_USAGE = YES_ERROR;
				CLANG_WARN_DOCUMENTATION_COMMENTS = YES;
				CLANG_WARN_EMPTY_BODY = YES;
				CLANG_WARN_ENUM_CONVERSION = YES;
				CLANG_WARN_INFINITE_RECURSION = YES;
				CLANG_WARN_INT_CONVERSION = YES;
				CLANG_WARN_NON_LITERAL_NULL_CONVERSION = YES;
				CLANG_WARN_OBJC_IMPLICIT_RETAIN_SELF = YES;
				CLANG_WARN_OBJC_LITERAL_CONVERSION = YES;
				CLANG_WARN_OBJC_ROOT_CLASS = YES_ERROR;
				CLANG_WARN_RANGE_LOOP_ANALYSIS = YES;
				CLANG_WARN_STRICT_PROTOTYPES = YES;
				CLANG_WARN_SUSPICIOUS_MOVE = YES;
				CLANG_WARN_UNGUARDED_AVAILABILITY = YES_AGGRESSIVE;
				CLANG_WARN_UNREACHABLE_CODE = YES;
				CLANG_WARN__DUPLICATE_METHOD_MATCH = YES;
				CODE_SIGN_IDENTITY = "iPhone Developer";
				COPY_PHASE_STRIP = NO;
				DEBUG_INFORMATION_FORMAT = "dwarf-with-dsym";
				ENABLE_NS_ASSERTIONS = NO;
				ENABLE_STRICT_OBJC_MSGSEND = YES;
				GCC_C_LANGUAGE_STANDARD = gnu11;
				GCC_NO_COMMON_BLOCKS = YES;
				GCC_WARN_64_TO_32_BIT_CONVERSION = YES;
				GCC_WARN_ABOUT_RETURN_TYPE = YES_ERROR;
				GCC_WARN_UNDECLARED_SELECTOR = YES;
				GCC_WARN_UNINITIALIZED_AUTOS = YES_AGGRESSIVE;
				GCC_WARN_UNUSED_FUNCTION = YES;
				GCC_WARN_UNUSED_VARIABLE = YES;
				IPHONEOS_DEPLOYMENT_TARGET = 12.2;
				MTL_ENABLE_DEBUG_INFO = NO;
				MTL_FAST_MATH = YES;
				SDKROOT = iphoneos;
				SWIFT_COMPILATION_MODE = wholemodule;
				SWIFT_OPTIMIZATION_LEVEL = "-O";
				VALIDATE_PRODUCT = YES;
			};
			name = Release;
		};
		0B89223322B97470008650B0 /* Debug */ = {
			isa = XCBuildConfiguration;
			buildSettings = {
				ASSETCATALOG_COMPILER_APPICON_NAME = AppIcon;
				CODE_SIGN_STYLE = Automatic;
				ENABLE_BITCODE = YES;
				FRAMEWORK_SEARCH_PATHS = "/Users/lpalacios/Documents/git/fun/emoji-xplatform/mpp-lib/build/xcode-frameworks";
				INFOPLIST_FILE = emojipuzzle/Info.plist;
				LD_RUNPATH_SEARCH_PATHS = (
					"$(inherited)",
					"@executable_path/Frameworks",
				);
				PRODUCT_BUNDLE_IDENTIFIER = ios.rightpoint.emojipuzzle;
				PRODUCT_NAME = "$(TARGET_NAME)";
				SWIFT_VERSION = 5.0;
				TARGETED_DEVICE_FAMILY = "1,2";
			};
			name = Debug;
		};
		0B89223422B97470008650B0 /* Release */ = {
			isa = XCBuildConfiguration;
			buildSettings = {
				ASSETCATALOG_COMPILER_APPICON_NAME = AppIcon;
				CODE_SIGN_STYLE = Automatic;
				ENABLE_BITCODE = YES;
				FRAMEWORK_SEARCH_PATHS = "/Users/lpalacios/Documents/git/fun/emoji-xplatform/mpp-lib/build/xcode-frameworks";
				INFOPLIST_FILE = emojipuzzle/Info.plist;
				LD_RUNPATH_SEARCH_PATHS = (
					"$(inherited)",
					"@executable_path/Frameworks",
				);
				PRODUCT_BUNDLE_IDENTIFIER = ios.rightpoint.emojipuzzle;
				PRODUCT_NAME = "$(TARGET_NAME)";
				SWIFT_VERSION = 5.0;
				TARGETED_DEVICE_FAMILY = "1,2";
			};
			name = Release;
		};
		0B89223622B97470008650B0 /* Debug */ = {
			isa = XCBuildConfiguration;
			buildSettings = {
				ALWAYS_EMBED_SWIFT_STANDARD_LIBRARIES = YES;
				BUNDLE_LOADER = "$(TEST_HOST)";
				CODE_SIGN_STYLE = Automatic;
				INFOPLIST_FILE = emojipuzzleTests/Info.plist;
				LD_RUNPATH_SEARCH_PATHS = (
					"$(inherited)",
					"@executable_path/Frameworks",
					"@loader_path/Frameworks",
				);
				PRODUCT_BUNDLE_IDENTIFIER = ios.rightpoint.emojipuzzleTests;
				PRODUCT_NAME = "$(TARGET_NAME)";
				SWIFT_VERSION = 5.0;
				TARGETED_DEVICE_FAMILY = "1,2";
				TEST_HOST = "$(BUILT_PRODUCTS_DIR)/emojipuzzle.app/emojipuzzle";
			};
			name = Debug;
		};
		0B89223722B97470008650B0 /* Release */ = {
			isa = XCBuildConfiguration;
			buildSettings = {
				ALWAYS_EMBED_SWIFT_STANDARD_LIBRARIES = YES;
				BUNDLE_LOADER = "$(TEST_HOST)";
				CODE_SIGN_STYLE = Automatic;
				INFOPLIST_FILE = emojipuzzleTests/Info.plist;
				LD_RUNPATH_SEARCH_PATHS = (
					"$(inherited)",
					"@executable_path/Frameworks",
					"@loader_path/Frameworks",
				);
				PRODUCT_BUNDLE_IDENTIFIER = ios.rightpoint.emojipuzzleTests;
				PRODUCT_NAME = "$(TARGET_NAME)";
				SWIFT_VERSION = 5.0;
				TARGETED_DEVICE_FAMILY = "1,2";
				TEST_HOST = "$(BUILT_PRODUCTS_DIR)/emojipuzzle.app/emojipuzzle";
			};
			name = Release;
		};
		0B89223922B97470008650B0 /* Debug */ = {
			isa = XCBuildConfiguration;
			buildSettings = {
				ALWAYS_EMBED_SWIFT_STANDARD_LIBRARIES = YES;
				CODE_SIGN_STYLE = Automatic;
				INFOPLIST_FILE = emojipuzzleUITests/Info.plist;
				LD_RUNPATH_SEARCH_PATHS = (
					"$(inherited)",
					"@executable_path/Frameworks",
					"@loader_path/Frameworks",
				);
				PRODUCT_BUNDLE_IDENTIFIER = ios.rightpoint.emojipuzzleUITests;
				PRODUCT_NAME = "$(TARGET_NAME)";
				SWIFT_VERSION = 5.0;
				TARGETED_DEVICE_FAMILY = "1,2";
				TEST_TARGET_NAME = emojipuzzle;
			};
			name = Debug;
		};
		0B89223A22B97470008650B0 /* Release */ = {
			isa = XCBuildConfiguration;
			buildSettings = {
				ALWAYS_EMBED_SWIFT_STANDARD_LIBRARIES = YES;
				CODE_SIGN_STYLE = Automatic;
				INFOPLIST_FILE = emojipuzzleUITests/Info.plist;
				LD_RUNPATH_SEARCH_PATHS = (
					"$(inherited)",
					"@executable_path/Frameworks",
					"@loader_path/Frameworks",
				);
				PRODUCT_BUNDLE_IDENTIFIER = ios.rightpoint.emojipuzzleUITests;
				PRODUCT_NAME = "$(TARGET_NAME)";
				SWIFT_VERSION = 5.0;
				TARGETED_DEVICE_FAMILY = "1,2";
				TEST_TARGET_NAME = emojipuzzle;
			};
			name = Release;
		};
/* End XCBuildConfiguration section */

/* Begin XCConfigurationList section */
		0B89220522B9746F008650B0 /* Build configuration list for PBXProject "emojipuzzle" */ = {
			isa = XCConfigurationList;
			buildConfigurations = (
				0B89223022B97470008650B0 /* Debug */,
				0B89223122B97470008650B0 /* Release */,
			);
			defaultConfigurationIsVisible = 0;
			defaultConfigurationName = Release;
		};
		0B89223222B97470008650B0 /* Build configuration list for PBXNativeTarget "emojipuzzle" */ = {
			isa = XCConfigurationList;
			buildConfigurations = (
				0B89223322B97470008650B0 /* Debug */,
				0B89223422B97470008650B0 /* Release */,
			);
			defaultConfigurationIsVisible = 0;
			defaultConfigurationName = Release;
		};
		0B89223522B97470008650B0 /* Build configuration list for PBXNativeTarget "emojipuzzleTests" */ = {
			isa = XCConfigurationList;
			buildConfigurations = (
				0B89223622B97470008650B0 /* Debug */,
				0B89223722B97470008650B0 /* Release */,
			);
			defaultConfigurationIsVisible = 0;
			defaultConfigurationName = Release;
		};
		0B89223822B97470008650B0 /* Build configuration list for PBXNativeTarget "emojipuzzleUITests" */ = {
			isa = XCConfigurationList;
			buildConfigurations = (
				0B89223922B97470008650B0 /* Debug */,
				0B89223A22B97470008650B0 /* Release */,
			);
			defaultConfigurationIsVisible = 0;
			defaultConfigurationName = Release;
		};
/* End XCConfigurationList section */
	};
	rootObject = 0B89220222B9746F008650B0 /* Project object */;
}
